
Microsoft Visual Studio Solution File, Format Version 12.00
# Visual Studio Version 17
VisualStudioVersion = 17.3.32922.545
MinimumVisualStudioVersion = 10.0.40219.1
Project("{9A19103F-16F7-4668-BE54-9A1E7A4F7556}") = "LaCuevaDelInsecto.AbstractFactory.Databases", "Databases\LaCuevaDelInsecto.AbstractFactory.Databases.csproj", "{7F402128-687B-4F41-A038-4AC9082DECA9}"
EndProject
Project("{9A19103F-16F7-4668-BE54-9A1E7A4F7556}") = "LaCuevaDelInsecto.AbstractFactory.Application", "Application\LaCuevaDelInsecto.AbstractFactory.Application.csproj", "{DA2E5C3E-4864-4436-A060-2A694D842780}"
EndProject
Global
	GlobalSection(SolutionConfigurationPlatforms) = preSolution
		Debug|Any CPU = Debug|Any CPU
		Release|Any CPU = Release|Any CPU
	EndGlobalSection
	GlobalSection(ProjectConfigurationPlatforms) = postSolution
		{7F402128-687B-4F41-A038-4AC9082DECA9}.Debug|Any CPU.ActiveCfg = Debug|Any CPU
		{7F402128-687B-4F41-A038-4AC9082DECA9}.Debug|Any CPU.Build.0 = Debug|Any CPU
		{7F402128-687B-4F41-A038-4AC9082DECA9}.Release|Any CPU.ActiveCfg = Release|Any CPU
		{7F402128-687B-4F41-A038-4AC9082DECA9}.Release|Any CPU.Build.0 = Release|Any CPU
		{DA2E5C3E-4864-4436-A060-2A694D842780}.Debug|Any CPU.ActiveCfg = Debug|Any CPU
		{DA2E5C3E-4864-4436-A060-2A694D842780}.Debug|Any CPU.Build.0 = Debug|Any CPU
		{DA2E5C3E-4864-4436-A060-2A694D842780}.Release|Any CPU.ActiveCfg = Release|Any CPU
		{DA2E5C3E-4864-4436-A060-2A694D842780}.Release|Any CPU.Build.0 = Release|Any CPU
	EndGlobalSection
	GlobalSection(SolutionProperties) = preSolution
		HideSolutionNode = FALSE
	EndGlobalSection
	GlobalSection(ExtensibilityGlobals) = postSolution
		SolutionGuid = {8A294100-1E7A-404C-8A1C-88BEDF2951AE}
	EndGlobalSection
EndGlobal
